<?xml version="1.0" encoding="utf-8"?>
<Project ToolsVersion="4.0" xmlns="http://schemas.microsoft.com/developer/msbuild/2003">
  <ItemGroup>
    <Filter Include="소스 파일">
      <UniqueIdentifier>{4FC737F1-C7A5-4376-A066-2A32D752A2FF}</UniqueIdentifier>
      <Extensions>cpp;c;cc;cxx;c++;cppm;ixx;def;odl;idl;hpj;bat;asm;asmx</Extensions>
    </Filter>
    <Filter Include="헤더 파일">
      <UniqueIdentifier>{93995380-89BD-4b04-88EB-625FBE52EBFB}</UniqueIdentifier>
      <Extensions>h;hh;hpp;hxx;h++;hm;inl;inc;ipp;xsd</Extensions>
    </Filter>
    <Filter Include="리소스 파일">
      <UniqueIdentifier>{67DA6AB6-F800-4c08-8B7A-83BB121AAD01}</UniqueIdentifier>
      <Extensions>rc;ico;cur;bmp;dlg;rc2;rct;bin;rgs;gif;jpg;jpeg;jpe;resx;tiff;tif;png;wav;mfcribbon-ms</Extensions>
    </Filter>
    <Filter Include="DirectX">
      <UniqueIdentifier>{4c2455f1-3f7a-42b3-869e-41666ee9e8aa}</UniqueIdentifier>
    </Filter>
    <Filter Include="ShaderManager">
      <UniqueIdentifier>{6b5d220b-d704-4998-8140-9530b8d2cdc1}</UniqueIdentifier>
    </Filter>
    <Filter Include="ShaderManager\ShaderClass">
      <UniqueIdentifier>{f7cae23d-dd81-4daf-9f17-521951763354}</UniqueIdentifier>
    </Filter>
    <Filter Include="ShaderManager\HLSL">
      <UniqueIdentifier>{491262a5-b175-463b-b4fb-8de0fd9820de}</UniqueIdentifier>
    </Filter>
    <Filter Include="UI">
      <UniqueIdentifier>{6808c218-f433-4731-92c4-a1ae0e33f9df}</UniqueIdentifier>
    </Filter>
    <Filter Include="Sound">
      <UniqueIdentifier>{52a25989-c3ba-4ca4-8912-d267d7296c53}</UniqueIdentifier>
    </Filter>
  </ItemGroup>
  <ItemGroup>
    <ClCompile Include="FrameTimer.cpp">
      <Filter>소스 파일</Filter>
    </ClCompile>
    <ClCompile Include="InputClass.cpp">
      <Filter>소스 파일</Filter>
    </ClCompile>
    <ClCompile Include="main.cpp">
      <Filter>소스 파일</Filter>
    </ClCompile>
    <ClCompile Include="SystemClass.cpp">
      <Filter>소스 파일</Filter>
    </ClCompile>
    <ClCompile Include="ApplicationClass.cpp">
      <Filter>소스 파일</Filter>
    </ClCompile>
    <ClCompile Include="CameraClass.cpp">
      <Filter>소스 파일</Filter>
    </ClCompile>
    <ClCompile Include="D3DClass.cpp">
      <Filter>DirectX</Filter>
    </ClCompile>
    <ClCompile Include="InterfaceManager.cpp">
      <Filter>UI</Filter>
    </ClCompile>
    <ClCompile Include="DebugInfoUI.cpp">
      <Filter>UI</Filter>
    </ClCompile>
    <ClCompile Include="ColorShaderClass.cpp">
      <Filter>ShaderManager\ShaderClass</Filter>
    </ClCompile>
    <ClCompile Include="ShaderManager.cpp">
      <Filter>ShaderManager</Filter>
    </ClCompile>
    <ClCompile Include="TextureShaderClass.cpp">
      <Filter>ShaderManager\ShaderClass</Filter>
    </ClCompile>
    <ClCompile Include="TextClass.cpp">
      <Filter>UI</Filter>
    </ClCompile>
    <ClCompile Include="Triangle.cpp">
      <Filter>소스 파일</Filter>
    </ClCompile>
    <ClCompile Include="SoundClass.cpp">
      <Filter>Sound</Filter>
    </ClCompile>
  </ItemGroup>
  <ItemGroup>
    <ClInclude Include="D3DClass.h">
      <Filter>DirectX</Filter>
    </ClInclude>
    <ClInclude Include="InterfaceManager.h">
      <Filter>UI</Filter>
    </ClInclude>
    <ClInclude Include="DebugInfoUI.h">
      <Filter>UI</Filter>
    </ClInclude>
    <ClInclude Include="ColorShaderClass.h">
      <Filter>ShaderManager\ShaderClass</Filter>
    </ClInclude>
    <ClInclude Include="ShaderManager.h">
      <Filter>ShaderManager</Filter>
    </ClInclude>
    <ClInclude Include="TextureShaderClass.h">
      <Filter>ShaderManager\ShaderClass</Filter>
    </ClInclude>
    <ClInclude Include="TextClass.h">
      <Filter>UI</Filter>
    </ClInclude>
    <ClInclude Include="SystemClass.h">
      <Filter>헤더 파일</Filter>
    </ClInclude>
    <ClInclude Include="InputClass.h">
      <Filter>헤더 파일</Filter>
    </ClInclude>
    <ClInclude Include="GraphicsStructures.h">
      <Filter>헤더 파일</Filter>
    </ClInclude>
    <ClInclude Include="FrameTimer.h">
      <Filter>헤더 파일</Filter>
    </ClInclude>
    <ClInclude Include="CameraClass.h">
      <Filter>헤더 파일</Filter>
    </ClInclude>
    <ClInclude Include="ApplicationClass.h">
      <Filter>헤더 파일</Filter>
    </ClInclude>
    <ClInclude Include="Triangle.h">
      <Filter>헤더 파일</Filter>
    </ClInclude>
    <ClInclude Include="SoundClass.h">
      <Filter>Sound</Filter>
    </ClInclude>
  </ItemGroup>
  <ItemGroup>
    <FxCompile Include="..\PixelShader.hlsl">
      <Filter>ShaderManager\HLSL</Filter>
    </FxCompile>
    <FxCompile Include="..\VertexShader.hlsl">
      <Filter>ShaderManager\HLSL</Filter>
    </FxCompile>
    <FxCompile Include="..\ColorPs.hlsl">
      <Filter>ShaderManager\HLSL</Filter>
    </FxCompile>
    <FxCompile Include="..\ColorVs.hlsl">
      <Filter>ShaderManager\HLSL</Filter>
    </FxCompile>
  </ItemGroup>
</Project>